
Microsoft Visual Studio Solution File, Format Version 12.00
# Visual Studio Version 17
VisualStudioVersion = 17.9.34622.214
MinimumVisualStudioVersion = 10.0.40219.1
Project("{2150E333-8FDC-42A3-9474-1A3956D46DE8}") = "src", "src", "{F7EACDDE-DCC1-4688-AF66-4DA441E2D62A}"
EndProject
Project("{FAE04EC0-301F-11D3-BF4B-00C04F79EFBC}") = "PracticeShop.WebAPI", "PracticeShop.WebAPI\PracticeShop.WebAPI.csproj", "{A4594DBA-1D73-46B0-9301-CB855BEABAC6}"
EndProject
Project("{FAE04EC0-301F-11D3-BF4B-00C04F79EFBC}") = "PracticeShop.DAL", "PracticeShop.DAL\PracticeShop.DAL.csproj", "{BC69CF38-F2E1-473E-9296-4ED7D0AE74B0}"
EndProject
Project("{FAE04EC0-301F-11D3-BF4B-00C04F79EFBC}") = "PracticeShop.BLL", "PracticeShop.BLL\PracticeShop.BLL.csproj", "{B5644753-F978-433A-BC8A-760ABBA9FABD}"
EndProject
Global
	GlobalSection(SolutionConfigurationPlatforms) = preSolution
		Debug|Any CPU = Debug|Any CPU
		Release|Any CPU = Release|Any CPU
	EndGlobalSection
	GlobalSection(ProjectConfigurationPlatforms) = postSolution
		{A4594DBA-1D73-46B0-9301-CB855BEABAC6}.Debug|Any CPU.ActiveCfg = Debug|Any CPU
		{A4594DBA-1D73-46B0-9301-CB855BEABAC6}.Debug|Any CPU.Build.0 = Debug|Any CPU
		{A4594DBA-1D73-46B0-9301-CB855BEABAC6}.Release|Any CPU.ActiveCfg = Release|Any CPU
		{A4594DBA-1D73-46B0-9301-CB855BEABAC6}.Release|Any CPU.Build.0 = Release|Any CPU
		{BC69CF38-F2E1-473E-9296-4ED7D0AE74B0}.Debug|Any CPU.ActiveCfg = Debug|Any CPU
		{BC69CF38-F2E1-473E-9296-4ED7D0AE74B0}.Debug|Any CPU.Build.0 = Debug|Any CPU
		{BC69CF38-F2E1-473E-9296-4ED7D0AE74B0}.Release|Any CPU.ActiveCfg = Release|Any CPU
		{BC69CF38-F2E1-473E-9296-4ED7D0AE74B0}.Release|Any CPU.Build.0 = Release|Any CPU
		{B5644753-F978-433A-BC8A-760ABBA9FABD}.Debug|Any CPU.ActiveCfg = Debug|Any CPU
		{B5644753-F978-433A-BC8A-760ABBA9FABD}.Debug|Any CPU.Build.0 = Debug|Any CPU
		{B5644753-F978-433A-BC8A-760ABBA9FABD}.Release|Any CPU.ActiveCfg = Release|Any CPU
		{B5644753-F978-433A-BC8A-760ABBA9FABD}.Release|Any CPU.Build.0 = Release|Any CPU
	EndGlobalSection
	GlobalSection(SolutionProperties) = preSolution
		HideSolutionNode = FALSE
	EndGlobalSection
	GlobalSection(NestedProjects) = preSolution
		{A4594DBA-1D73-46B0-9301-CB855BEABAC6} = {F7EACDDE-DCC1-4688-AF66-4DA441E2D62A}
		{BC69CF38-F2E1-473E-9296-4ED7D0AE74B0} = {F7EACDDE-DCC1-4688-AF66-4DA441E2D62A}
		{B5644753-F978-433A-BC8A-760ABBA9FABD} = {F7EACDDE-DCC1-4688-AF66-4DA441E2D62A}
	EndGlobalSection
	GlobalSection(ExtensibilityGlobals) = postSolution
		SolutionGuid = {A5AC23E2-0BD4-488E-BBF6-CA7BE3AD0191}
	EndGlobalSection
EndGlobal
